lockfileVersion: '9.0'

settings:
  autoInstallPeers: true
  excludeLinksFromLockfile: false

importers:

  .:
    dependencies:
      next.js:
        specifier: ^1.0.3
        version: 1.0.3

packages:

  next.js@1.0.3:
    resolution: {integrity: sha512-nosnT7Jh4ML3kzwG9MPW+SfBKuHoZEMcCWw5kxwMYXoxnADGzIxWl+TdDMcEZP6Xl/t8m/5uyVlA9SBkH2oh/w==}

snapshots:

  next.js@1.0.3: {}
